
Microsoft Visual Studio Solution File, Format Version 12.00
# Visual Studio Version 16
VisualStudioVersion = 16.0.29911.84
MinimumVisualStudioVersion = 10.0.40219.1
Project("{FAE04EC0-301F-11D3-BF4B-00C04F79EFBC}") = "XamInvoice.Android", "XamInvoice\XamInvoice.Android\XamInvoice.Android.csproj", "{97D9223D-8321-448F-9A56-0F3C2F9CA30F}"
EndProject
Project("{FAE04EC0-301F-11D3-BF4B-00C04F79EFBC}") = "XamInvoice.iOS", "XamInvoice\XamInvoice.iOS\XamInvoice.iOS.csproj", "{1FCE2326-31DB-45C0-8FBC-DC4C60EACA72}"
EndProject
Project("{FAE04EC0-301F-11D3-BF4B-00C04F79EFBC}") = "XamInvoice", "XamInvoice\XamInvoice\XamInvoice.csproj", "{FE763069-E276-4292-AB56-C4B6D14DC5CC}"
EndProject
Global
	GlobalSection(SolutionConfigurationPlatforms) = preSolution
		Debug|Any CPU = Debug|Any CPU
		Debug|iPhone = Debug|iPhone
		Debug|iPhoneSimulator = Debug|iPhoneSimulator
		Release|Any CPU = Release|Any CPU
		Release|iPhone = Release|iPhone
		Release|iPhoneSimulator = Release|iPhoneSimulator
	EndGlobalSection
	GlobalSection(ProjectConfigurationPlatforms) = postSolution
		{97D9223D-8321-448F-9A56-0F3C2F9CA30F}.Debug|Any CPU.ActiveCfg = Debug|Any CPU
		{97D9223D-8321-448F-9A56-0F3C2F9CA30F}.Debug|Any CPU.Build.0 = Debug|Any CPU
		{97D9223D-8321-448F-9A56-0F3C2F9CA30F}.Debug|Any CPU.Deploy.0 = Debug|Any CPU
		{97D9223D-8321-448F-9A56-0F3C2F9CA30F}.Debug|iPhone.ActiveCfg = Debug|Any CPU
		{97D9223D-8321-448F-9A56-0F3C2F9CA30F}.Debug|iPhone.Build.0 = Debug|Any CPU
		{97D9223D-8321-448F-9A56-0F3C2F9CA30F}.Debug|iPhone.Deploy.0 = Debug|Any CPU
		{97D9223D-8321-448F-9A56-0F3C2F9CA30F}.Debug|iPhoneSimulator.ActiveCfg = Debug|Any CPU
		{97D9223D-8321-448F-9A56-0F3C2F9CA30F}.Debug|iPhoneSimulator.Build.0 = Debug|Any CPU
		{97D9223D-8321-448F-9A56-0F3C2F9CA30F}.Debug|iPhoneSimulator.Deploy.0 = Debug|Any CPU
		{97D9223D-8321-448F-9A56-0F3C2F9CA30F}.Release|Any CPU.ActiveCfg = Release|Any CPU
		{97D9223D-8321-448F-9A56-0F3C2F9CA30F}.Release|Any CPU.Build.0 = Release|Any CPU
		{97D9223D-8321-448F-9A56-0F3C2F9CA30F}.Release|Any CPU.Deploy.0 = Release|Any CPU
		{97D9223D-8321-448F-9A56-0F3C2F9CA30F}.Release|iPhone.ActiveCfg = Release|Any CPU
		{97D9223D-8321-448F-9A56-0F3C2F9CA30F}.Release|iPhone.Build.0 = Release|Any CPU
		{97D9223D-8321-448F-9A56-0F3C2F9CA30F}.Release|iPhone.Deploy.0 = Release|Any CPU
		{97D9223D-8321-448F-9A56-0F3C2F9CA30F}.Release|iPhoneSimulator.ActiveCfg = Release|Any CPU
		{97D9223D-8321-448F-9A56-0F3C2F9CA30F}.Release|iPhoneSimulator.Build.0 = Release|Any CPU
		{97D9223D-8321-448F-9A56-0F3C2F9CA30F}.Release|iPhoneSimulator.Deploy.0 = Release|Any CPU
		{1FCE2326-31DB-45C0-8FBC-DC4C60EACA72}.Debug|Any CPU.ActiveCfg = Debug|iPhone
		{1FCE2326-31DB-45C0-8FBC-DC4C60EACA72}.Debug|Any CPU.Build.0 = Debug|iPhone
		{1FCE2326-31DB-45C0-8FBC-DC4C60EACA72}.Debug|Any CPU.Deploy.0 = Debug|iPhone
		{1FCE2326-31DB-45C0-8FBC-DC4C60EACA72}.Debug|iPhone.ActiveCfg = Debug|iPhone
		{1FCE2326-31DB-45C0-8FBC-DC4C60EACA72}.Debug|iPhone.Build.0 = Debug|iPhone
		{1FCE2326-31DB-45C0-8FBC-DC4C60EACA72}.Debug|iPhone.Deploy.0 = Debug|iPhone
		{1FCE2326-31DB-45C0-8FBC-DC4C60EACA72}.Debug|iPhoneSimulator.ActiveCfg = Debug|iPhoneSimulator
		{1FCE2326-31DB-45C0-8FBC-DC4C60EACA72}.Debug|iPhoneSimulator.Build.0 = Debug|iPhoneSimulator
		{1FCE2326-31DB-45C0-8FBC-DC4C60EACA72}.Debug|iPhoneSimulator.Deploy.0 = Debug|iPhoneSimulator
		{1FCE2326-31DB-45C0-8FBC-DC4C60EACA72}.Release|Any CPU.ActiveCfg = Release|iPhone
		{1FCE2326-31DB-45C0-8FBC-DC4C60EACA72}.Release|Any CPU.Build.0 = Release|iPhone
		{1FCE2326-31DB-45C0-8FBC-DC4C60EACA72}.Release|Any CPU.Deploy.0 = Release|iPhone
		{1FCE2326-31DB-45C0-8FBC-DC4C60EACA72}.Release|iPhone.ActiveCfg = Release|iPhone
		{1FCE2326-31DB-45C0-8FBC-DC4C60EACA72}.Release|iPhone.Build.0 = Release|iPhone
		{1FCE2326-31DB-45C0-8FBC-DC4C60EACA72}.Release|iPhone.Deploy.0 = Release|iPhone
		{1FCE2326-31DB-45C0-8FBC-DC4C60EACA72}.Release|iPhoneSimulator.ActiveCfg = Release|iPhoneSimulator
		{1FCE2326-31DB-45C0-8FBC-DC4C60EACA72}.Release|iPhoneSimulator.Build.0 = Release|iPhoneSimulator
		{1FCE2326-31DB-45C0-8FBC-DC4C60EACA72}.Release|iPhoneSimulator.Deploy.0 = Release|iPhoneSimulator
		{FE763069-E276-4292-AB56-C4B6D14DC5CC}.Debug|Any CPU.ActiveCfg = Debug|Any CPU
		{FE763069-E276-4292-AB56-C4B6D14DC5CC}.Debug|Any CPU.Build.0 = Debug|Any CPU
		{FE763069-E276-4292-AB56-C4B6D14DC5CC}.Debug|Any CPU.Deploy.0 = Debug|Any CPU
		{FE763069-E276-4292-AB56-C4B6D14DC5CC}.Debug|iPhone.ActiveCfg = Debug|Any CPU
		{FE763069-E276-4292-AB56-C4B6D14DC5CC}.Debug|iPhone.Build.0 = Debug|Any CPU
		{FE763069-E276-4292-AB56-C4B6D14DC5CC}.Debug|iPhone.Deploy.0 = Debug|Any CPU
		{FE763069-E276-4292-AB56-C4B6D14DC5CC}.Debug|iPhoneSimulator.ActiveCfg = Debug|Any CPU
		{FE763069-E276-4292-AB56-C4B6D14DC5CC}.Debug|iPhoneSimulator.Build.0 = Debug|Any CPU
		{FE763069-E276-4292-AB56-C4B6D14DC5CC}.Debug|iPhoneSimulator.Deploy.0 = Debug|Any CPU
		{FE763069-E276-4292-AB56-C4B6D14DC5CC}.Release|Any CPU.ActiveCfg = Release|Any CPU
		{FE763069-E276-4292-AB56-C4B6D14DC5CC}.Release|Any CPU.Build.0 = Release|Any CPU
		{FE763069-E276-4292-AB56-C4B6D14DC5CC}.Release|Any CPU.Deploy.0 = Release|Any CPU
		{FE763069-E276-4292-AB56-C4B6D14DC5CC}.Release|iPhone.ActiveCfg = Release|Any CPU
		{FE763069-E276-4292-AB56-C4B6D14DC5CC}.Release|iPhone.Build.0 = Release|Any CPU
		{FE763069-E276-4292-AB56-C4B6D14DC5CC}.Release|iPhone.Deploy.0 = Release|Any CPU
		{FE763069-E276-4292-AB56-C4B6D14DC5CC}.Release|iPhoneSimulator.ActiveCfg = Release|Any CPU
		{FE763069-E276-4292-AB56-C4B6D14DC5CC}.Release|iPhoneSimulator.Build.0 = Release|Any CPU
		{FE763069-E276-4292-AB56-C4B6D14DC5CC}.Release|iPhoneSimulator.Deploy.0 = Release|Any CPU
	EndGlobalSection
	GlobalSection(SolutionProperties) = preSolution
		HideSolutionNode = FALSE
	EndGlobalSection
	GlobalSection(ExtensibilityGlobals) = postSolution
		SolutionGuid = {D2D67722-F2E3-46AF-9E32-12690492BAAF}
	EndGlobalSection
EndGlobal
